
Microsoft Visual Studio Solution File, Format Version 12.00
# Visual Studio Version 17
VisualStudioVersion = 17.14.37411.7 d17.14
MinimumVisualStudioVersion = 10.0.40219.1
Project("{FAE04EC0-301F-11D3-BF4B-00C04F79EFBC}") = "CineApp", "CineApp\CineApp.csproj", "{2B5D5D61-CC90-412A-95CB-02EB52698CF8}"
EndProject
Global
	GlobalSection(SolutionConfigurationPlatforms) = preSolution
		Debug|Any CPU = Debug|Any CPU
		Release|Any CPU = Release|Any CPU
	EndGlobalSection
	GlobalSection(ProjectConfigurationPlatforms) = postSolution
		{2B5D5D61-CC90-412A-95CB-02EB52698CF8}.Debug|Any CPU.ActiveCfg = Debug|Any CPU
		{2B5D5D61-CC90-412A-95CB-02EB52698CF8}.Debug|Any CPU.Build.0 = Debug|Any CPU
		{2B5D5D61-CC90-412A-95CB-02EB52698CF8}.Release|Any CPU.ActiveCfg = Release|Any CPU
		{2B5D5D61-CC90-412A-95CB-02EB52698CF8}.Release|Any CPU.Build.0 = Release|Any CPU
	EndGlobalSection
	GlobalSection(SolutionProperties) = preSolution
		HideSolutionNode = FALSE
	EndGlobalSection
	GlobalSection(ExtensibilityGlobals) = postSolution
		SolutionGuid = {F2CB099E-80D9-4C25-A89B-7260B31860DE}
	EndGlobalSection
EndGlobal
